// !$*UTF8*$!
{
	archiveVersion = 1;
	classes = {
	};
	objectVersion = 51;
	objects = {

/* Begin PBXBuildFile section */
		9A1D4EC9B50AA956B15D72D4 /* Pods_dreamly.framework in Frameworks */ = {isa = PBXBuildFile; fileRef = E2E71F3A3AD21EBBE17FDC3C /* Pods_dreamly.framework */; };
		E07439C12357C69000F6B946 /* ProfileViewController.swift in Sources */ = {isa = PBXBuildFile; fileRef = E07439C02357C69000F6B946 /* ProfileViewController.swift */; };
		E07439C42357E42B00F6B946 /* DreamTableViewCell.swift in Sources */ = {isa = PBXBuildFile; fileRef = E07439C22357E42B00F6B946 /* DreamTableViewCell.swift */; };
		E07439C52357E42B00F6B946 /* DreamTableViewCell.xib in Resources */ = {isa = PBXBuildFile; fileRef = E07439C32357E42B00F6B946 /* DreamTableViewCell.xib */; };
		E07439C72357E57F00F6B946 /* SFCompactRounded-Semibold.otf in Resources */ = {isa = PBXBuildFile; fileRef = E07439C62357E57F00F6B946 /* SFCompactRounded-Semibold.otf */; };
		E07439CD2357F56B00F6B946 /* DreamViewController.swift in Sources */ = {isa = PBXBuildFile; fileRef = E07439CC2357F56B00F6B946 /* DreamViewController.swift */; };
		E07439D023580B5D00F6B946 /* Dream.swift in Sources */ = {isa = PBXBuildFile; fileRef = E07439CF23580B5D00F6B946 /* Dream.swift */; };
		E0A34B2523579330004B1584 /* GoogleService-Info.plist in Resources */ = {isa = PBXBuildFile; fileRef = E0A34B2423579330004B1584 /* GoogleService-Info.plist */; };
		E0A34B27235799EB004B1584 /* LoginViewController.swift in Sources */ = {isa = PBXBuildFile; fileRef = E0A34B26235799EB004B1584 /* LoginViewController.swift */; };
		E0CF0365235674BC00B20B22 /* AppDelegate.swift in Sources */ = {isa = PBXBuildFile; fileRef = E0CF0364235674BC00B20B22 /* AppDelegate.swift */; };
		E0CF0367235674BC00B20B22 /* MainTabBarController.swift in Sources */ = {isa = PBXBuildFile; fileRef = E0CF0366235674BC00B20B22 /* MainTabBarController.swift */; };
		E0CF036A235674BC00B20B22 /* Main.storyboard in Resources */ = {isa = PBXBuildFile; fileRef = E0CF0368235674BC00B20B22 /* Main.storyboard */; };
		E0CF036D235674BC00B20B22 /* dreamly.xcdatamodeld in Sources */ = {isa = PBXBuildFile; fileRef = E0CF036B235674BC00B20B22 /* dreamly.xcdatamodeld */; };
		E0CF036F235674BF00B20B22 /* Assets.xcassets in Resources */ = {isa = PBXBuildFile; fileRef = E0CF036E235674BF00B20B22 /* Assets.xcassets */; };
		E0CF0372235674BF00B20B22 /* LaunchScreen.storyboard in Resources */ = {isa = PBXBuildFile; fileRef = E0CF0370235674BF00B20B22 /* LaunchScreen.storyboard */; };
/* End PBXBuildFile section */

/* Begin PBXFileReference section */
		3E2E354746E53FC3A7D615FC /* Pods-dreamly.debug.xcconfig */ = {isa = PBXFileReference; includeInIndex = 1; lastKnownFileType = text.xcconfig; name = "Pods-dreamly.debug.xcconfig"; path = "Target Support Files/Pods-dreamly/Pods-dreamly.debug.xcconfig"; sourceTree = "<group>"; };
		775E5C7A15C8E7F63DFEB033 /* Pods-dreamly.release.xcconfig */ = {isa = PBXFileReference; includeInIndex = 1; lastKnownFileType = text.xcconfig; name = "Pods-dreamly.release.xcconfig"; path = "Target Support Files/Pods-dreamly/Pods-dreamly.release.xcconfig"; sourceTree = "<group>"; };
		E07439C02357C69000F6B946 /* ProfileViewController.swift */ = {isa = PBXFileReference; lastKnownFileType = sourcecode.swift; path = ProfileViewController.swift; sourceTree = "<group>"; };
		E07439C22357E42B00F6B946 /* DreamTableViewCell.swift */ = {isa = PBXFileReference; lastKnownFileType = sourcecode.swift; path = DreamTableViewCell.swift; sourceTree = "<group>"; };
		E07439C32357E42B00F6B946 /* DreamTableViewCell.xib */ = {isa = PBXFileReference; lastKnownFileType = file.xib; path = DreamTableViewCell.xib; sourceTree = "<group>"; };
		E07439C62357E57F00F6B946 /* SFCompactRounded-Semibold.otf */ = {isa = PBXFileReference; lastKnownFileType = file; name = "SFCompactRounded-Semibold.otf"; path = "../../../../System/Library/Fonts/SFCompactRounded-Semibold.otf"; sourceTree = "<group>"; };
		E07439CC2357F56B00F6B946 /* DreamViewController.swift */ = {isa = PBXFileReference; lastKnownFileType = sourcecode.swift; path = DreamViewController.swift; sourceTree = "<group>"; };
		E07439CF23580B5D00F6B946 /* Dream.swift */ = {isa = PBXFileReference; lastKnownFileType = sourcecode.swift; path = Dream.swift; sourceTree = "<group>"; };
		E0A34B2423579330004B1584 /* GoogleService-Info.plist */ = {isa = PBXFileReference; fileEncoding = 4; lastKnownFileType = text.plist.xml; name = "GoogleService-Info.plist"; path = "../../../Downloads/GoogleService-Info.plist"; sourceTree = "<group>"; };
		E0A34B26235799EB004B1584 /* LoginViewController.swift */ = {isa = PBXFileReference; lastKnownFileType = sourcecode.swift; path = LoginViewController.swift; sourceTree = "<group>"; };
		E0CF0361235674BC00B20B22 /* dreamly.app */ = {isa = PBXFileReference; explicitFileType = wrapper.application; includeInIndex = 0; path = dreamly.app; sourceTree = BUILT_PRODUCTS_DIR; };
		E0CF0364235674BC00B20B22 /* AppDelegate.swift */ = {isa = PBXFileReference; lastKnownFileType = sourcecode.swift; path = AppDelegate.swift; sourceTree = "<group>"; };
		E0CF0366235674BC00B20B22 /* MainTabBarController.swift */ = {isa = PBXFileReference; lastKnownFileType = sourcecode.swift; path = MainTabBarController.swift; sourceTree = "<group>"; };
		E0CF0369235674BC00B20B22 /* Base */ = {isa = PBXFileReference; lastKnownFileType = file.storyboard; name = Base; path = Base.lproj/Main.storyboard; sourceTree = "<group>"; };
		E0CF036C235674BC00B20B22 /* dreamly.xcdatamodel */ = {isa = PBXFileReference; lastKnownFileType = wrapper.xcdatamodel; path = dreamly.xcdatamodel; sourceTree = "<group>"; };
		E0CF036E235674BF00B20B22 /* Assets.xcassets */ = {isa = PBXFileReference; lastKnownFileType = folder.assetcatalog; path = Assets.xcassets; sourceTree = "<group>"; };
		E0CF0371235674BF00B20B22 /* Base */ = {isa = PBXFileReference; lastKnownFileType = file.storyboard; name = Base; path = Base.lproj/LaunchScreen.storyboard; sourceTree = "<group>"; };
		E0CF0373235674BF00B20B22 /* Info.plist */ = {isa = PBXFileReference; lastKnownFileType = text.plist.xml; path = Info.plist; sourceTree = "<group>"; };
		E2E71F3A3AD21EBBE17FDC3C /* Pods_dreamly.framework */ = {isa = PBXFileReference; explicitFileType = wrapper.framework; includeInIndex = 0; path = Pods_dreamly.framework; sourceTree = BUILT_PRODUCTS_DIR; };
/* End PBXFileReference section */

/* Begin PBXFrameworksBuildPhase section */
		E0CF035E235674BC00B20B22 /* Frameworks */ = {
			isa = PBXFrameworksBuildPhase;
			buildActionMask = 2147483647;
			files = (
				9A1D4EC9B50AA956B15D72D4 /* Pods_dreamly.framework in Frameworks */,
			);
			runOnlyForDeploymentPostprocessing = 0;
		};
/* End PBXFrameworksBuildPhase section */

/* Begin PBXGroup section */
		98DCABDE77271450A8E5C418 /* Frameworks */ = {
			isa = PBXGroup;
			children = (
				E07439C62357E57F00F6B946 /* SFCompactRounded-Semibold.otf */,
				E2E71F3A3AD21EBBE17FDC3C /* Pods_dreamly.framework */,
			);
			name = Frameworks;
			sourceTree = "<group>";
		};
		C1EFC30F6624F7B6EABE5C25 /* Pods */ = {
			isa = PBXGroup;
			children = (
				3E2E354746E53FC3A7D615FC /* Pods-dreamly.debug.xcconfig */,
				775E5C7A15C8E7F63DFEB033 /* Pods-dreamly.release.xcconfig */,
			);
			path = Pods;
			sourceTree = "<group>";
		};
		E07439C82357E59300F6B946 /* fonts */ = {
			isa = PBXGroup;
			children = (
			);
			path = fonts;
			sourceTree = "<group>";
		};
		E07439CE23580B4800F6B946 /* Models */ = {
			isa = PBXGroup;
			children = (
				E07439CF23580B5D00F6B946 /* Dream.swift */,
			);
			path = Models;
			sourceTree = "<group>";
		};
		E0CF0358235674BC00B20B22 = {
			isa = PBXGroup;
			children = (
				E0CF0363235674BC00B20B22 /* dreamly */,
				E0CF0362235674BC00B20B22 /* Products */,
				C1EFC30F6624F7B6EABE5C25 /* Pods */,
				98DCABDE77271450A8E5C418 /* Frameworks */,
			);
			sourceTree = "<group>";
		};
		E0CF0362235674BC00B20B22 /* Products */ = {
			isa = PBXGroup;
			children = (
				E0CF0361235674BC00B20B22 /* dreamly.app */,
			);
			name = Products;
			sourceTree = "<group>";
		};
		E0CF0363235674BC00B20B22 /* dreamly */ = {
			isa = PBXGroup;
			children = (
				E07439C82357E59300F6B946 /* fonts */,
				E0CF0364235674BC00B20B22 /* AppDelegate.swift */,
				E0CF0366235674BC00B20B22 /* MainTabBarController.swift */,
				E0CF0368235674BC00B20B22 /* Main.storyboard */,
				E0CF036E235674BF00B20B22 /* Assets.xcassets */,
				E0CF0370235674BF00B20B22 /* LaunchScreen.storyboard */,
				E0CF0373235674BF00B20B22 /* Info.plist */,
				E0CF036B235674BC00B20B22 /* dreamly.xcdatamodeld */,
				E0A34B2423579330004B1584 /* GoogleService-Info.plist */,
				E0A34B26235799EB004B1584 /* LoginViewController.swift */,
				E07439C02357C69000F6B946 /* ProfileViewController.swift */,
				E07439C22357E42B00F6B946 /* DreamTableViewCell.swift */,
				E07439C32357E42B00F6B946 /* DreamTableViewCell.xib */,
				E07439CC2357F56B00F6B946 /* DreamViewController.swift */,
				E07439CE23580B4800F6B946 /* Models */,
			);
			path = dreamly;
			sourceTree = "<group>";
		};
/* End PBXGroup section */

/* Begin PBXNativeTarget section */
		E0CF0360235674BC00B20B22 /* dreamly */ = {
			isa = PBXNativeTarget;
			buildConfigurationList = E0CF0376235674BF00B20B22 /* Build configuration list for PBXNativeTarget "dreamly" */;
			buildPhases = (
				B31963C53EA0FC8C5675809D /* [CP] Check Pods Manifest.lock */,
				E0CF035D235674BC00B20B22 /* Sources */,
				E0CF035E235674BC00B20B22 /* Frameworks */,
				E0CF035F235674BC00B20B22 /* Resources */,
				C6F4AB6FD4596721D64F127E /* [CP] Embed Pods Frameworks */,
			);
			buildRules = (
			);
			dependencies = (
			);
			name = dreamly;
			productName = dreamly;
			productReference = E0CF0361235674BC00B20B22 /* dreamly.app */;
			productType = "com.apple.product-type.application";
		};
/* End PBXNativeTarget section */

/* Begin PBXProject section */
		E0CF0359235674BC00B20B22 /* Project object */ = {
			isa = PBXProject;
			attributes = {
				LastSwiftUpdateCheck = 1030;
				LastUpgradeCheck = 1030;
				ORGANIZATIONNAME = "Gonzalo Birrueta";
				TargetAttributes = {
					E0CF0360235674BC00B20B22 = {
						CreatedOnToolsVersion = 10.3;
					};
				};
			};
			buildConfigurationList = E0CF035C235674BC00B20B22 /* Build configuration list for PBXProject "dreamly" */;
			compatibilityVersion = "Xcode 9.3";
			developmentRegion = en;
			hasScannedForEncodings = 0;
			knownRegions = (
				en,
				Base,
			);
			mainGroup = E0CF0358235674BC00B20B22;
			productRefGroup = E0CF0362235674BC00B20B22 /* Products */;
			projectDirPath = "";
			projectRoot = "";
			targets = (
				E0CF0360235674BC00B20B22 /* dreamly */,
			);
		};
/* End PBXProject section */

/* Begin PBXResourcesBuildPhase section */
		E0CF035F235674BC00B20B22 /* Resources */ = {
			isa = PBXResourcesBuildPhase;
			buildActionMask = 2147483647;
			files = (
				E07439C52357E42B00F6B946 /* DreamTableViewCell.xib in Resources */,
				E0CF0372235674BF00B20B22 /* LaunchScreen.storyboard in Resources */,
				E0CF036F235674BF00B20B22 /* Assets.xcassets in Resources */,
				E07439C72357E57F00F6B946 /* SFCompactRounded-Semibold.otf in Resources */,
				E0CF036A235674BC00B20B22 /* Main.storyboard in Resources */,
				E0A34B2523579330004B1584 /* GoogleService-Info.plist in Resources */,
			);
			runOnlyForDeploymentPostprocessing = 0;
		};
/* End PBXResourcesBuildPhase section */

/* Begin PBXShellScriptBuildPhase section */
		B31963C53EA0FC8C5675809D /* [CP] Check Pods Manifest.lock */ = {
			isa = PBXShellScriptBuildPhase;
			buildActionMask = 2147483647;
			files = (
			);
			inputFileListPaths = (
			);
			inputPaths = (
				"${PODS_PODFILE_DIR_PATH}/Podfile.lock",
				"${PODS_ROOT}/Manifest.lock",
			);
			name = "[CP] Check Pods Manifest.lock";
			outputFileListPaths = (
			);
			outputPaths = (
				"$(DERIVED_FILE_DIR)/Pods-dreamly-checkManifestLockResult.txt",
			);
			runOnlyForDeploymentPostprocessing = 0;
			shellPath = /bin/sh;
			shellScript = "diff \"${PODS_PODFILE_DIR_PATH}/Podfile.lock\" \"${PODS_ROOT}/Manifest.lock\" > /dev/null\nif [ $? != 0 ] ; then\n    # print error to STDERR\n    echo \"error: The sandbox is not in sync with the Podfile.lock. Run 'pod install' or update your CocoaPods installation.\" >&2\n    exit 1\nfi\n# This output is used by Xcode 'outputs' to avoid re-running this script phase.\necho \"SUCCESS\" > \"${SCRIPT_OUTPUT_FILE_0}\"\n";
			showEnvVarsInLog = 0;
		};
		C6F4AB6FD4596721D64F127E /* [CP] Embed Pods Frameworks */ = {
			isa = PBXShellScriptBuildPhase;
			buildActionMask = 2147483647;
			files = (
			);
			inputFileListPaths = (
				"${PODS_ROOT}/Target Support Files/Pods-dreamly/Pods-dreamly-frameworks-${CONFIGURATION}-input-files.xcfilelist",
			);
			name = "[CP] Embed Pods Frameworks";
			outputFileListPaths = (
				"${PODS_ROOT}/Target Support Files/Pods-dreamly/Pods-dreamly-frameworks-${CONFIGURATION}-output-files.xcfilelist",
			);
			runOnlyForDeploymentPostprocessing = 0;
			shellPath = /bin/sh;
			shellScript = "\"${PODS_ROOT}/Target Support Files/Pods-dreamly/Pods-dreamly-frameworks.sh\"\n";
			showEnvVarsInLog = 0;
		};
/* End PBXShellScriptBuildPhase section */

/* Begin PBXSourcesBuildPhase section */
		E0CF035D235674BC00B20B22 /* Sources */ = {
			isa = PBXSourcesBuildPhase;
			buildActionMask = 2147483647;
			files = (
				E0A34B27235799EB004B1584 /* LoginViewController.swift in Sources */,
				E0CF0367235674BC00B20B22 /* MainTabBarController.swift in Sources */,
				E07439C12357C69000F6B946 /* ProfileViewController.swift in Sources */,
				E07439C42357E42B00F6B946 /* DreamTableViewCell.swift in Sources */,
				E0CF036D235674BC00B20B22 /* dreamly.xcdatamodeld in Sources */,
				E07439CD2357F56B00F6B946 /* DreamViewController.swift in Sources */,
				E0CF0365235674BC00B20B22 /* AppDelegate.swift in Sources */,
				E07439D023580B5D00F6B946 /* Dream.swift in Sources */,
			);
			runOnlyForDeploymentPostprocessing = 0;
		};
/* End PBXSourcesBuildPhase section */

/* Begin PBXVariantGroup section */
		E0CF0368235674BC00B20B22 /* Main.storyboard */ = {
			isa = PBXVariantGroup;
			children = (
				E0CF0369235674BC00B20B22 /* Base */,
			);
			name = Main.storyboard;
			sourceTree = "<group>";
		};
		E0CF0370235674BF00B20B22 /* LaunchScreen.storyboard */ = {
			isa = PBXVariantGroup;
			children = (
				E0CF0371235674BF00B20B22 /* Base */,
			);
			name = LaunchScreen.storyboard;
			sourceTree = "<group>";
		};
/* End PBXVariantGroup section */

/* Begin XCBuildConfiguration section */
		E0CF0374235674BF00B20B22 /* Debug */ = {
			isa = XCBuildConfiguration;
			buildSettings = {
				ALWAYS_SEARCH_USER_PATHS = NO;
				CLANG_ANALYZER_NONNULL = YES;
				CLANG_ANALYZER_NUMBER_OBJECT_CONVERSION = YES_AGGRESSIVE;
				CLANG_CXX_LANGUAGE_STANDARD = "gnu++14";
				CLANG_CXX_LIBRARY = "libc++";
				CLANG_ENABLE_MODULES = YES;
				CLANG_ENABLE_OBJC_ARC = YES;
				CLANG_ENABLE_OBJC_WEAK = YES;
				CLANG_WARN_BLOCK_CAPTURE_AUTORELEASING = YES;
				CLANG_WARN_BOOL_CONVERSION = YES;
				CLANG_WARN_COMMA = YES;
				CLANG_WARN_CONSTANT_CONVERSION = YES;
				CLANG_WARN_DEPRECATED_OBJC_IMPLEMENTATIONS = YES;
				CLANG_WARN_DIRECT_OBJC_ISA_USAGE = YES_ERROR;
				CLANG_WARN_DOCUMENTATION_COMMENTS = YES;
				CLANG_WARN_EMPTY_BODY = YES;
				CLANG_WARN_ENUM_CONVERSION = YES;
				CLANG_WARN_INFINITE_RECURSION = YES;
				CLANG_WARN_INT_CONVERSION = YES;
				CLANG_WARN_NON_LITERAL_NULL_CONVERSION = YES;
				CLANG_WARN_OBJC_IMPLICIT_RETAIN_SELF = YES;
				CLANG_WARN_OBJC_LITERAL_CONVERSION = YES;
				CLANG_WARN_OBJC_ROOT_CLASS = YES_ERROR;
				CLANG_WARN_RANGE_LOOP_ANALYSIS = YES;
				CLANG_WARN_STRICT_PROTOTYPES = YES;
				CLANG_WARN_SUSPICIOUS_MOVE = YES;
				CLANG_WARN_UNGUARDED_AVAILABILITY = YES_AGGRESSIVE;
				CLANG_WARN_UNREACHABLE_CODE = YES;
				CLANG_WARN__DUPLICATE_METHOD_MATCH = YES;
				CODE_SIGN_IDENTITY = "iPhone Developer";
				COPY_PHASE_STRIP = NO;
				DEBUG_INFORMATION_FORMAT = dwarf;
				ENABLE_STRICT_OBJC_MSGSEND = YES;
				ENABLE_TESTABILITY = YES;
				GCC_C_LANGUAGE_STANDARD = gnu11;
				GCC_DYNAMIC_NO_PIC = NO;
				GCC_NO_COMMON_BLOCKS = YES;
				GCC_OPTIMIZATION_LEVEL = 0;
				GCC_PREPROCESSOR_DEFINITIONS = (
					"DEBUG=1",
					"$(inherited)",
				);
				GCC_WARN_64_TO_32_BIT_CONVERSION = YES;
				GCC_WARN_ABOUT_RETURN_TYPE = YES_ERROR;
				GCC_WARN_UNDECLARED_SELECTOR = YES;
				GCC_WARN_UNINITIALIZED_AUTOS = YES_AGGRESSIVE;
				GCC_WARN_UNUSED_FUNCTION = YES;
				GCC_WARN_UNUSED_VARIABLE = YES;
				IPHONEOS_DEPLOYMENT_TARGET = 12.4;
				MTL_ENABLE_DEBUG_INFO = INCLUDE_SOURCE;
				MTL_FAST_MATH = YES;
				ONLY_ACTIVE_ARCH = YES;
				SDKROOT = iphoneos;
				SWIFT_ACTIVE_COMPILATION_CONDITIONS = DEBUG;
				SWIFT_OPTIMIZATION_LEVEL = "-Onone";
			};
			name = Debug;
		};
		E0CF0375235674BF00B20B22 /* Release */ = {
			isa = XCBuildConfiguration;
			buildSettings = {
				ALWAYS_SEARCH_USER_PATHS = NO;
				CLANG_ANALYZER_NONNULL = YES;
				CLANG_ANALYZER_NUMBER_OBJECT_CONVERSION = YES_AGGRESSIVE;
				CLANG_CXX_LANGUAGE_STANDARD = "gnu++14";
				CLANG_CXX_LIBRARY = "libc++";
				CLANG_ENABLE_MODULES = YES;
				CLANG_ENABLE_OBJC_ARC = YES;
				CLANG_ENABLE_OBJC_WEAK = YES;
				CLANG_WARN_BLOCK_CAPTURE_AUTORELEASING = YES;
				CLANG_WARN_BOOL_CONVERSION = YES;
				CLANG_WARN_COMMA = YES;
				CLANG_WARN_CONSTANT_CONVERSION = YES;
				CLANG_WARN_DEPRECATED_OBJC_IMPLEMENTATIONS = YES;
				CLANG_WARN_DIRECT_OBJC_ISA_USAGE = YES_ERROR;
				CLANG_WARN_DOCUMENTATION_COMMENTS = YES;
				CLANG_WARN_EMPTY_BODY = YES;
				CLANG_WARN_ENUM_CONVERSION = YES;
				CLANG_WARN_INFINITE_RECURSION = YES;
				CLANG_WARN_INT_CONVERSION = YES;
				CLANG_WARN_NON_LITERAL_NULL_CONVERSION = YES;
				CLANG_WARN_OBJC_IMPLICIT_RETAIN_SELF = YES;
				CLANG_WARN_OBJC_LITERAL_CONVERSION = YES;
				CLANG_WARN_OBJC_ROOT_CLASS = YES_ERROR;
				CLANG_WARN_RANGE_LOOP_ANALYSIS = YES;
				CLANG_WARN_STRICT_PROTOTYPES = YES;
				CLANG_WARN_SUSPICIOUS_MOVE = YES;
				CLANG_WARN_UNGUARDED_AVAILABILITY = YES_AGGRESSIVE;
				CLANG_WARN_UNREACHABLE_CODE = YES;
				CLANG_WARN__DUPLICATE_METHOD_MATCH = YES;
				CODE_SIGN_IDENTITY = "iPhone Developer";
				COPY_PHASE_STRIP = NO;
				DEBUG_INFORMATION_FORMAT = "dwarf-with-dsym";
				ENABLE_NS_ASSERTIONS = NO;
				ENABLE_STRICT_OBJC_MSGSEND = YES;
				GCC_C_LANGUAGE_STANDARD = gnu11;
				GCC_NO_COMMON_BLOCKS = YES;
				GCC_WARN_64_TO_32_BIT_CONVERSION = YES;
				GCC_WARN_ABOUT_RETURN_TYPE = YES_ERROR;
				GCC_WARN_UNDECLARED_SELECTOR = YES;
				GCC_WARN_UNINITIALIZED_AUTOS = YES_AGGRESSIVE;
				GCC_WARN_UNUSED_FUNCTION = YES;
				GCC_WARN_UNUSED_VARIABLE = YES;
				IPHONEOS_DEPLOYMENT_TARGET = 12.4;
				MTL_ENABLE_DEBUG_INFO = NO;
				MTL_FAST_MATH = YES;
				SDKROOT = iphoneos;
				SWIFT_COMPILATION_MODE = wholemodule;
				SWIFT_OPTIMIZATION_LEVEL = "-O";
				VALIDATE_PRODUCT = YES;
			};
			name = Release;
		};
		E0CF0377235674BF00B20B22 /* Debug */ = {
			isa = XCBuildConfiguration;
			baseConfigurationReference = 3E2E354746E53FC3A7D615FC /* Pods-dreamly.debug.xcconfig */;
			buildSettings = {
				ASSETCATALOG_COMPILER_APPICON_NAME = AppIcon;
				CODE_SIGN_STYLE = Automatic;
				DEVELOPMENT_TEAM = 5279V8AMRR;
				INFOPLIST_FILE = dreamly/Info.plist;
				LD_RUNPATH_SEARCH_PATHS = (
					"$(inherited)",
					"@executable_path/Frameworks",
				);
				PRODUCT_BUNDLE_IDENTIFIER = com.GonzaloBirrueta.dreamly;
				PRODUCT_NAME = "$(TARGET_NAME)";
				SWIFT_VERSION = 5.0;
				TARGETED_DEVICE_FAMILY = "1,2";
			};
			name = Debug;
		};
		E0CF0378235674BF00B20B22 /* Release */ = {
			isa = XCBuildConfiguration;
			baseConfigurationReference = 775E5C7A15C8E7F63DFEB033 /* Pods-dreamly.release.xcconfig */;
			buildSettings = {
				ASSETCATALOG_COMPILER_APPICON_NAME = AppIcon;
				CODE_SIGN_STYLE = Automatic;
				DEVELOPMENT_TEAM = 5279V8AMRR;
				INFOPLIST_FILE = dreamly/Info.plist;
				LD_RUNPATH_SEARCH_PATHS = (
					"$(inherited)",
					"@executable_path/Frameworks",
				);
				PRODUCT_BUNDLE_IDENTIFIER = com.GonzaloBirrueta.dreamly;
				PRODUCT_NAME = "$(TARGET_NAME)";
				SWIFT_VERSION = 5.0;
				TARGETED_DEVICE_FAMILY = "1,2";
			};
			name = Release;
		};
/* End XCBuildConfiguration section */

/* Begin XCConfigurationList section */
		E0CF035C235674BC00B20B22 /* Build configuration list for PBXProject "dreamly" */ = {
			isa = XCConfigurationList;
			buildConfigurations = (
				E0CF0374235674BF00B20B22 /* Debug */,
				E0CF0375235674BF00B20B22 /* Release */,
			);
			defaultConfigurationIsVisible = 0;
			defaultConfigurationName = Release;
		};
		E0CF0376235674BF00B20B22 /* Build configuration list for PBXNativeTarget "dreamly" */ = {
			isa = XCConfigurationList;
			buildConfigurations = (
				E0CF0377235674BF00B20B22 /* Debug */,
				E0CF0378235674BF00B20B22 /* Release */,
			);
			defaultConfigurationIsVisible = 0;
			defaultConfigurationName = Release;
		};
/* End XCConfigurationList section */

/* Begin XCVersionGroup section */
		E0CF036B235674BC00B20B22 /* dreamly.xcdatamodeld */ = {
			isa = XCVersionGroup;
			children = (
				E0CF036C235674BC00B20B22 /* dreamly.xcdatamodel */,
			);
			currentVersion = E0CF036C235674BC00B20B22 /* dreamly.xcdatamodel */;
			path = dreamly.xcdatamodeld;
			sourceTree = "<group>";
			versionGroupType = wrapper.xcdatamodel;
		};
/* End XCVersionGroup section */
	};
	rootObject = E0CF0359235674BC00B20B22 /* Project object */;
}
